{
  "name": "trial-management-tool",
  "lockfileVersion": 2,
  "requires": true,
  "packages": {
    "": {
      "name": "trial-management-tool",
      "devDependencies": {
        "pnpm": "^6.16.1"
      }
    },
    "node_modules/pnpm": {
      "version": "6.29.1",
      "resolved": "https://registry.npmjs.org/pnpm/-/pnpm-6.29.1.tgz",
      "integrity": "sha512-ZOTHREJQSwLgK9psbH+BxGFY6Wvky4XYBYTZsULihuj1GPEsGcRZpxFgkX73OdLrYaZBeGMPadCYqGeK5gZu1A==",
      "dev": true,
      "bin": {
        "pnpm": "bin/pnpm.cjs",
        "pnpx": "bin/pnpx.cjs"
      },
      "engines": {
        "node": ">=12.17"
      },
      "funding": {
        "url": "https://opencollective.com/pnpm"
      }
    }
  },
  "dependencies": {
    "pnpm": {
      "version": "6.29.1",
      "resolved": "https://registry.npmjs.org/pnpm/-/pnpm-6.29.1.tgz",
      "integrity": "sha512-ZOTHREJQSwLgK9psbH+BxGFY6Wvky4XYBYTZsULihuj1GPEsGcRZpxFgkX73OdLrYaZBeGMPadCYqGeK5gZu1A==",
      "dev": true
    }
  }
}
