{
  "name": "trial-management-tool",
  "lockfileVersion": 2,
  "requires": true,
  "packages": {
    "": {
      "name": "trial-management-tool",
      "devDependencies": {
        "pnpm": "^7.12.2"
      }
    },
    "node_modules/pnpm": {
      "version": "7.12.2",
      "resolved": "https://registry.npmjs.org/pnpm/-/pnpm-7.12.2.tgz",
      "integrity": "sha512-8QvnKANKN+YZXDmVYGI7zRJysdKldZI+w3AYnxu9IwtnLv1x6WuzrJr0nxMcTeuUAT908RjDqK+/6KJB9wNqxA==",
      "dev": true,
      "bin": {
        "pnpm": "bin/pnpm.cjs",
        "pnpx": "bin/pnpx.cjs"
      },
      "engines": {
        "node": ">=14.6"
      },
      "funding": {
        "url": "https://opencollective.com/pnpm"
      }
    }
  },
  "dependencies": {
    "pnpm": {
      "version": "7.12.2",
      "resolved": "https://registry.npmjs.org/pnpm/-/pnpm-7.12.2.tgz",
      "integrity": "sha512-8QvnKANKN+YZXDmVYGI7zRJysdKldZI+w3AYnxu9IwtnLv1x6WuzrJr0nxMcTeuUAT908RjDqK+/6KJB9wNqxA==",
      "dev": true
    }
  }
}
